// !$*UTF8*$!
{
	archiveVersion = 1;
	classes = {
	};
	objectVersion = 56;
	objects = {

/* Begin PBXBuildFile section */
		29468B592920496C002CBDB6 /* Player.swift in Sources */ = {isa = PBXBuildFile; fileRef = 29468B582920496C002CBDB6 /* Player.swift */; };
		29468B5B292049B3002CBDB6 /* Cell.swift in Sources */ = {isa = PBXBuildFile; fileRef = 29468B5A292049B3002CBDB6 /* Cell.swift */; };
		29468B5D29204A36002CBDB6 /* GameViewModel.swift in Sources */ = {isa = PBXBuildFile; fileRef = 29468B5C29204A36002CBDB6 /* GameViewModel.swift */; };
		29EFB7EA2916B8FC003757B0 /* RobotsApp.swift in Sources */ = {isa = PBXBuildFile; fileRef = 29EFB7E92916B8FC003757B0 /* RobotsApp.swift */; };
		29EFB7EE2916B8FE003757B0 /* Assets.xcassets in Resources */ = {isa = PBXBuildFile; fileRef = 29EFB7ED2916B8FE003757B0 /* Assets.xcassets */; };
		29EFB7F12916B8FE003757B0 /* Preview Assets.xcassets in Resources */ = {isa = PBXBuildFile; fileRef = 29EFB7F02916B8FE003757B0 /* Preview Assets.xcassets */; };
		29EFB8142916B9DF003757B0 /* GameView.swift in Sources */ = {isa = PBXBuildFile; fileRef = 29EFB8132916B9DF003757B0 /* GameView.swift */; };
/* End PBXBuildFile section */

/* Begin PBXFileReference section */
		29468B582920496C002CBDB6 /* Player.swift */ = {isa = PBXFileReference; lastKnownFileType = sourcecode.swift; path = Player.swift; sourceTree = "<group>"; };
		29468B5A292049B3002CBDB6 /* Cell.swift */ = {isa = PBXFileReference; lastKnownFileType = sourcecode.swift; path = Cell.swift; sourceTree = "<group>"; };
		29468B5C29204A36002CBDB6 /* GameViewModel.swift */ = {isa = PBXFileReference; lastKnownFileType = sourcecode.swift; path = GameViewModel.swift; sourceTree = "<group>"; };
		29EFB7E62916B8FC003757B0 /* Robots.app */ = {isa = PBXFileReference; explicitFileType = wrapper.application; includeInIndex = 0; path = Robots.app; sourceTree = BUILT_PRODUCTS_DIR; };
		29EFB7E92916B8FC003757B0 /* RobotsApp.swift */ = {isa = PBXFileReference; lastKnownFileType = sourcecode.swift; path = RobotsApp.swift; sourceTree = "<group>"; };
		29EFB7ED2916B8FE003757B0 /* Assets.xcassets */ = {isa = PBXFileReference; lastKnownFileType = folder.assetcatalog; path = Assets.xcassets; sourceTree = "<group>"; };
		29EFB7F02916B8FE003757B0 /* Preview Assets.xcassets */ = {isa = PBXFileReference; lastKnownFileType = folder.assetcatalog; path = "Preview Assets.xcassets"; sourceTree = "<group>"; };
		29EFB8132916B9DF003757B0 /* GameView.swift */ = {isa = PBXFileReference; lastKnownFileType = sourcecode.swift; path = GameView.swift; sourceTree = "<group>"; };
/* End PBXFileReference section */

/* Begin PBXFrameworksBuildPhase section */
		29EFB7E32916B8FC003757B0 /* Frameworks */ = {
			isa = PBXFrameworksBuildPhase;
			buildActionMask = 2147483647;
			files = (
			);
			runOnlyForDeploymentPostprocessing = 0;
		};
/* End PBXFrameworksBuildPhase section */

/* Begin PBXGroup section */
		29468B56291EF826002CBDB6 /* Presentation */ = {
			isa = PBXGroup;
			children = (
				29EFB8132916B9DF003757B0 /* GameView.swift */,
				29468B5C29204A36002CBDB6 /* GameViewModel.swift */,
			);
			path = Presentation;
			sourceTree = "<group>";
		};
		29468B5729204938002CBDB6 /* Entities */ = {
			isa = PBXGroup;
			children = (
				29468B582920496C002CBDB6 /* Player.swift */,
				29468B5A292049B3002CBDB6 /* Cell.swift */,
			);
			path = Entities;
			sourceTree = "<group>";
		};
		29EFB7DD2916B8FB003757B0 = {
			isa = PBXGroup;
			children = (
				29EFB7E82916B8FC003757B0 /* Robots */,
				29EFB7E72916B8FC003757B0 /* Products */,
			);
			sourceTree = "<group>";
		};
		29EFB7E72916B8FC003757B0 /* Products */ = {
			isa = PBXGroup;
			children = (
				29EFB7E62916B8FC003757B0 /* Robots.app */,
			);
			name = Products;
			sourceTree = "<group>";
		};
		29EFB7E82916B8FC003757B0 /* Robots */ = {
			isa = PBXGroup;
			children = (
				29EFB7E92916B8FC003757B0 /* RobotsApp.swift */,
				29468B5729204938002CBDB6 /* Entities */,
				29468B56291EF826002CBDB6 /* Presentation */,
				29EFB7ED2916B8FE003757B0 /* Assets.xcassets */,
				29EFB7EF2916B8FE003757B0 /* Preview Content */,
			);
			path = Robots;
			sourceTree = "<group>";
		};
		29EFB7EF2916B8FE003757B0 /* Preview Content */ = {
			isa = PBXGroup;
			children = (
				29EFB7F02916B8FE003757B0 /* Preview Assets.xcassets */,
			);
			path = "Preview Content";
			sourceTree = "<group>";
		};
/* End PBXGroup section */

/* Begin PBXNativeTarget section */
		29EFB7E52916B8FC003757B0 /* Robots */ = {
			isa = PBXNativeTarget;
			buildConfigurationList = 29EFB80A2916B8FE003757B0 /* Build configuration list for PBXNativeTarget "Robots" */;
			buildPhases = (
				29EFB7E22916B8FC003757B0 /* Sources */,
				29EFB7E32916B8FC003757B0 /* Frameworks */,
				29EFB7E42916B8FC003757B0 /* Resources */,
			);
			buildRules = (
			);
			dependencies = (
			);
			name = Robots;
			productName = Robots;
			productReference = 29EFB7E62916B8FC003757B0 /* Robots.app */;
			productType = "com.apple.product-type.application";
		};
/* End PBXNativeTarget section */

/* Begin PBXProject section */
		29EFB7DE2916B8FC003757B0 /* Project object */ = {
			isa = PBXProject;
			attributes = {
				BuildIndependentTargetsInParallel = 1;
				LastSwiftUpdateCheck = 1400;
				LastUpgradeCheck = 1400;
				TargetAttributes = {
					29EFB7E52916B8FC003757B0 = {
						CreatedOnToolsVersion = 14.0.1;
					};
				};
			};
			buildConfigurationList = 29EFB7E12916B8FC003757B0 /* Build configuration list for PBXProject "Robots" */;
			compatibilityVersion = "Xcode 14.0";
			developmentRegion = en;
			hasScannedForEncodings = 0;
			knownRegions = (
				en,
				Base,
			);
			mainGroup = 29EFB7DD2916B8FB003757B0;
			productRefGroup = 29EFB7E72916B8FC003757B0 /* Products */;
			projectDirPath = "";
			projectRoot = "";
			targets = (
				29EFB7E52916B8FC003757B0 /* Robots */,
			);
		};
/* End PBXProject section */

/* Begin PBXResourcesBuildPhase section */
		29EFB7E42916B8FC003757B0 /* Resources */ = {
			isa = PBXResourcesBuildPhase;
			buildActionMask = 2147483647;
			files = (
				29EFB7F12916B8FE003757B0 /* Preview Assets.xcassets in Resources */,
				29EFB7EE2916B8FE003757B0 /* Assets.xcassets in Resources */,
			);
			runOnlyForDeploymentPostprocessing = 0;
		};
/* End PBXResourcesBuildPhase section */

/* Begin PBXSourcesBuildPhase section */
		29EFB7E22916B8FC003757B0 /* Sources */ = {
			isa = PBXSourcesBuildPhase;
			buildActionMask = 2147483647;
			files = (
				29EFB7EA2916B8FC003757B0 /* RobotsApp.swift in Sources */,
				29468B5D29204A36002CBDB6 /* GameViewModel.swift in Sources */,
				29EFB8142916B9DF003757B0 /* GameView.swift in Sources */,
				29468B592920496C002CBDB6 /* Player.swift in Sources */,
				29468B5B292049B3002CBDB6 /* Cell.swift in Sources */,
			);
			runOnlyForDeploymentPostprocessing = 0;
		};
/* End PBXSourcesBuildPhase section */

/* Begin XCBuildConfiguration section */
		29EFB8082916B8FE003757B0 /* Debug */ = {
			isa = XCBuildConfiguration;
			buildSettings = {
				ALWAYS_SEARCH_USER_PATHS = NO;
				CLANG_ANALYZER_NONNULL = YES;
				CLANG_ANALYZER_NUMBER_OBJECT_CONVERSION = YES_AGGRESSIVE;
				CLANG_CXX_LANGUAGE_STANDARD = "gnu++20";
				CLANG_ENABLE_MODULES = YES;
				CLANG_ENABLE_OBJC_ARC = YES;
				CLANG_ENABLE_OBJC_WEAK = YES;
				CLANG_WARN_BLOCK_CAPTURE_AUTORELEASING = YES;
				CLANG_WARN_BOOL_CONVERSION = YES;
				CLANG_WARN_COMMA = YES;
				CLANG_WARN_CONSTANT_CONVERSION = YES;
				CLANG_WARN_DEPRECATED_OBJC_IMPLEMENTATIONS = YES;
				CLANG_WARN_DIRECT_OBJC_ISA_USAGE = YES_ERROR;
				CLANG_WARN_DOCUMENTATION_COMMENTS = YES;
				CLANG_WARN_EMPTY_BODY = YES;
				CLANG_WARN_ENUM_CONVERSION = YES;
				CLANG_WARN_INFINITE_RECURSION = YES;
				CLANG_WARN_INT_CONVERSION = YES;
				CLANG_WARN_NON_LITERAL_NULL_CONVERSION = YES;
				CLANG_WARN_OBJC_IMPLICIT_RETAIN_SELF = YES;
				CLANG_WARN_OBJC_LITERAL_CONVERSION = YES;
				CLANG_WARN_OBJC_ROOT_CLASS = YES_ERROR;
				CLANG_WARN_QUOTED_INCLUDE_IN_FRAMEWORK_HEADER = YES;
				CLANG_WARN_RANGE_LOOP_ANALYSIS = YES;
				CLANG_WARN_STRICT_PROTOTYPES = YES;
				CLANG_WARN_SUSPICIOUS_MOVE = YES;
				CLANG_WARN_UNGUARDED_AVAILABILITY = YES_AGGRESSIVE;
				CLANG_WARN_UNREACHABLE_CODE = YES;
				CLANG_WARN__DUPLICATE_METHOD_MATCH = YES;
				COPY_PHASE_STRIP = NO;
				DEBUG_INFORMATION_FORMAT = dwarf;
				ENABLE_STRICT_OBJC_MSGSEND = YES;
				ENABLE_TESTABILITY = YES;
				GCC_C_LANGUAGE_STANDARD = gnu11;
				GCC_DYNAMIC_NO_PIC = NO;
				GCC_NO_COMMON_BLOCKS = YES;
				GCC_OPTIMIZATION_LEVEL = 0;
				GCC_PREPROCESSOR_DEFINITIONS = (
					"DEBUG=1",
					"$(inherited)",
				);
				GCC_WARN_64_TO_32_BIT_CONVERSION = YES;
				GCC_WARN_ABOUT_RETURN_TYPE = YES_ERROR;
				GCC_WARN_UNDECLARED_SELECTOR = YES;
				GCC_WARN_UNINITIALIZED_AUTOS = YES_AGGRESSIVE;
				GCC_WARN_UNUSED_FUNCTION = YES;
				GCC_WARN_UNUSED_VARIABLE = YES;
				IPHONEOS_DEPLOYMENT_TARGET = 16.0;
				MTL_ENABLE_DEBUG_INFO = INCLUDE_SOURCE;
				MTL_FAST_MATH = YES;
				ONLY_ACTIVE_ARCH = YES;
				SDKROOT = iphoneos;
				SWIFT_ACTIVE_COMPILATION_CONDITIONS = DEBUG;
				SWIFT_OPTIMIZATION_LEVEL = "-Onone";
			};
			name = Debug;
		};
		29EFB8092916B8FE003757B0 /* Release */ = {
			isa = XCBuildConfiguration;
			buildSettings = {
				ALWAYS_SEARCH_USER_PATHS = NO;
				CLANG_ANALYZER_NONNULL = YES;
				CLANG_ANALYZER_NUMBER_OBJECT_CONVERSION = YES_AGGRESSIVE;
				CLANG_CXX_LANGUAGE_STANDARD = "gnu++20";
				CLANG_ENABLE_MODULES = YES;
				CLANG_ENABLE_OBJC_ARC = YES;
				CLANG_ENABLE_OBJC_WEAK = YES;
				CLANG_WARN_BLOCK_CAPTURE_AUTORELEASING = YES;
				CLANG_WARN_BOOL_CONVERSION = YES;
				CLANG_WARN_COMMA = YES;
				CLANG_WARN_CONSTANT_CONVERSION = YES;
				CLANG_WARN_DEPRECATED_OBJC_IMPLEMENTATIONS = YES;
				CLANG_WARN_DIRECT_OBJC_ISA_USAGE = YES_ERROR;
				CLANG_WARN_DOCUMENTATION_COMMENTS = YES;
				CLANG_WARN_EMPTY_BODY = YES;
				CLANG_WARN_ENUM_CONVERSION = YES;
				CLANG_WARN_INFINITE_RECURSION = YES;
				CLANG_WARN_INT_CONVERSION = YES;
				CLANG_WARN_NON_LITERAL_NULL_CONVERSION = YES;
				CLANG_WARN_OBJC_IMPLICIT_RETAIN_SELF = YES;
				CLANG_WARN_OBJC_LITERAL_CONVERSION = YES;
				CLANG_WARN_OBJC_ROOT_CLASS = YES_ERROR;
				CLANG_WARN_QUOTED_INCLUDE_IN_FRAMEWORK_HEADER = YES;
				CLANG_WARN_RANGE_LOOP_ANALYSIS = YES;
				CLANG_WARN_STRICT_PROTOTYPES = YES;
				CLANG_WARN_SUSPICIOUS_MOVE = YES;
				CLANG_WARN_UNGUARDED_AVAILABILITY = YES_AGGRESSIVE;
				CLANG_WARN_UNREACHABLE_CODE = YES;
				CLANG_WARN__DUPLICATE_METHOD_MATCH = YES;
				COPY_PHASE_STRIP = NO;
				DEBUG_INFORMATION_FORMAT = "dwarf-with-dsym";
				ENABLE_NS_ASSERTIONS = NO;
				ENABLE_STRICT_OBJC_MSGSEND = YES;
				GCC_C_LANGUAGE_STANDARD = gnu11;
				GCC_NO_COMMON_BLOCKS = YES;
				GCC_WARN_64_TO_32_BIT_CONVERSION = YES;
				GCC_WARN_ABOUT_RETURN_TYPE = YES_ERROR;
				GCC_WARN_UNDECLARED_SELECTOR = YES;
				GCC_WARN_UNINITIALIZED_AUTOS = YES_AGGRESSIVE;
				GCC_WARN_UNUSED_FUNCTION = YES;
				GCC_WARN_UNUSED_VARIABLE = YES;
				IPHONEOS_DEPLOYMENT_TARGET = 16.0;
				MTL_ENABLE_DEBUG_INFO = NO;
				MTL_FAST_MATH = YES;
				SDKROOT = iphoneos;
				SWIFT_COMPILATION_MODE = wholemodule;
				SWIFT_OPTIMIZATION_LEVEL = "-O";
				VALIDATE_PRODUCT = YES;
			};
			name = Release;
		};
		29EFB80B2916B8FE003757B0 /* Debug */ = {
			isa = XCBuildConfiguration;
			buildSettings = {
				ASSETCATALOG_COMPILER_APPICON_NAME = AppIcon;
				ASSETCATALOG_COMPILER_GLOBAL_ACCENT_COLOR_NAME = AccentColor;
				CODE_SIGN_STYLE = Automatic;
				CURRENT_PROJECT_VERSION = 1;
				DEVELOPMENT_ASSET_PATHS = "\"Robots/Preview Content\"";
				ENABLE_PREVIEWS = YES;
				GENERATE_INFOPLIST_FILE = YES;
				INFOPLIST_KEY_UIApplicationSceneManifest_Generation = YES;
				INFOPLIST_KEY_UIApplicationSupportsIndirectInputEvents = YES;
				INFOPLIST_KEY_UILaunchScreen_Generation = YES;
				INFOPLIST_KEY_UISupportedInterfaceOrientations = UIInterfaceOrientationPortrait;
				LD_RUNPATH_SEARCH_PATHS = (
					"$(inherited)",
					"@executable_path/Frameworks",
				);
				MARKETING_VERSION = 1.0;
				PRODUCT_BUNDLE_IDENTIFIER = com.example.trio.Robots;
				PRODUCT_NAME = "$(TARGET_NAME)";
				SWIFT_EMIT_LOC_STRINGS = YES;
				SWIFT_VERSION = 5.0;
				TARGETED_DEVICE_FAMILY = "1,2";
			};
			name = Debug;
		};
		29EFB80C2916B8FE003757B0 /* Release */ = {
			isa = XCBuildConfiguration;
			buildSettings = {
				ASSETCATALOG_COMPILER_APPICON_NAME = AppIcon;
				ASSETCATALOG_COMPILER_GLOBAL_ACCENT_COLOR_NAME = AccentColor;
				CODE_SIGN_STYLE = Automatic;
				CURRENT_PROJECT_VERSION = 1;
				DEVELOPMENT_ASSET_PATHS = "\"Robots/Preview Content\"";
				ENABLE_PREVIEWS = YES;
				GENERATE_INFOPLIST_FILE = YES;
				INFOPLIST_KEY_UIApplicationSceneManifest_Generation = YES;
				INFOPLIST_KEY_UIApplicationSupportsIndirectInputEvents = YES;
				INFOPLIST_KEY_UILaunchScreen_Generation = YES;
				INFOPLIST_KEY_UISupportedInterfaceOrientations = UIInterfaceOrientationPortrait;
				LD_RUNPATH_SEARCH_PATHS = (
					"$(inherited)",
					"@executable_path/Frameworks",
				);
				MARKETING_VERSION = 1.0;
				PRODUCT_BUNDLE_IDENTIFIER = com.example.trio.Robots;
				PRODUCT_NAME = "$(TARGET_NAME)";
				SWIFT_EMIT_LOC_STRINGS = YES;
				SWIFT_VERSION = 5.0;
				TARGETED_DEVICE_FAMILY = "1,2";
			};
			name = Release;
		};
/* End XCBuildConfiguration section */

/* Begin XCConfigurationList section */
		29EFB7E12916B8FC003757B0 /* Build configuration list for PBXProject "Robots" */ = {
			isa = XCConfigurationList;
			buildConfigurations = (
				29EFB8082916B8FE003757B0 /* Debug */,
				29EFB8092916B8FE003757B0 /* Release */,
			);
			defaultConfigurationIsVisible = 0;
			defaultConfigurationName = Release;
		};
		29EFB80A2916B8FE003757B0 /* Build configuration list for PBXNativeTarget "Robots" */ = {
			isa = XCConfigurationList;
			buildConfigurations = (
				29EFB80B2916B8FE003757B0 /* Debug */,
				29EFB80C2916B8FE003757B0 /* Release */,
			);
			defaultConfigurationIsVisible = 0;
			defaultConfigurationName = Release;
		};
/* End XCConfigurationList section */
	};
	rootObject = 29EFB7DE2916B8FC003757B0 /* Project object */;
}
